
Microsoft Visual Studio Solution File, Format Version 12.00
# Visual Studio 15
VisualStudioVersion = 15.0.27703.2042
MinimumVisualStudioVersion = 10.0.40219.1
Project("{FAE04EC0-301F-11D3-BF4B-00C04F79EFBC}") = "DemoViews2.Android", "DemoViews2\DemoViews2.Android\DemoViews2.Android.csproj", "{EC776492-12FC-4A06-9B0B-884EF020C840}"
EndProject
Project("{FAE04EC0-301F-11D3-BF4B-00C04F79EFBC}") = "DemoViews2.iOS", "DemoViews2\DemoViews2.iOS\DemoViews2.iOS.csproj", "{F3676098-7D94-4CE6-A94F-E9C8345F35B7}"
EndProject
Project("{FAE04EC0-301F-11D3-BF4B-00C04F79EFBC}") = "DemoViews2", "DemoViews2\DemoViews2\DemoViews2.csproj", "{8432AC41-F1B1-43F7-A626-486A926AA0D5}"
EndProject
Global
	GlobalSection(SolutionConfigurationPlatforms) = preSolution
		Ad-Hoc|Any CPU = Ad-Hoc|Any CPU
		Ad-Hoc|iPhone = Ad-Hoc|iPhone
		Ad-Hoc|iPhoneSimulator = Ad-Hoc|iPhoneSimulator
		AppStore|Any CPU = AppStore|Any CPU
		AppStore|iPhone = AppStore|iPhone
		AppStore|iPhoneSimulator = AppStore|iPhoneSimulator
		Debug|Any CPU = Debug|Any CPU
		Debug|iPhone = Debug|iPhone
		Debug|iPhoneSimulator = Debug|iPhoneSimulator
		Release|Any CPU = Release|Any CPU
		Release|iPhone = Release|iPhone
		Release|iPhoneSimulator = Release|iPhoneSimulator
	EndGlobalSection
	GlobalSection(ProjectConfigurationPlatforms) = postSolution
		{EC776492-12FC-4A06-9B0B-884EF020C840}.Ad-Hoc|Any CPU.ActiveCfg = Release|Any CPU
		{EC776492-12FC-4A06-9B0B-884EF020C840}.Ad-Hoc|Any CPU.Build.0 = Release|Any CPU
		{EC776492-12FC-4A06-9B0B-884EF020C840}.Ad-Hoc|Any CPU.Deploy.0 = Release|Any CPU
		{EC776492-12FC-4A06-9B0B-884EF020C840}.Ad-Hoc|iPhone.ActiveCfg = Release|Any CPU
		{EC776492-12FC-4A06-9B0B-884EF020C840}.Ad-Hoc|iPhone.Build.0 = Release|Any CPU
		{EC776492-12FC-4A06-9B0B-884EF020C840}.Ad-Hoc|iPhone.Deploy.0 = Release|Any CPU
		{EC776492-12FC-4A06-9B0B-884EF020C840}.Ad-Hoc|iPhoneSimulator.ActiveCfg = Release|Any CPU
		{EC776492-12FC-4A06-9B0B-884EF020C840}.Ad-Hoc|iPhoneSimulator.Build.0 = Release|Any CPU
		{EC776492-12FC-4A06-9B0B-884EF020C840}.Ad-Hoc|iPhoneSimulator.Deploy.0 = Release|Any CPU
		{EC776492-12FC-4A06-9B0B-884EF020C840}.AppStore|Any CPU.ActiveCfg = Release|Any CPU
		{EC776492-12FC-4A06-9B0B-884EF020C840}.AppStore|Any CPU.Build.0 = Release|Any CPU
		{EC776492-12FC-4A06-9B0B-884EF020C840}.AppStore|Any CPU.Deploy.0 = Release|Any CPU
		{EC776492-12FC-4A06-9B0B-884EF020C840}.AppStore|iPhone.ActiveCfg = Release|Any CPU
		{EC776492-12FC-4A06-9B0B-884EF020C840}.AppStore|iPhone.Build.0 = Release|Any CPU
		{EC776492-12FC-4A06-9B0B-884EF020C840}.AppStore|iPhone.Deploy.0 = Release|Any CPU
		{EC776492-12FC-4A06-9B0B-884EF020C840}.AppStore|iPhoneSimulator.ActiveCfg = Release|Any CPU
		{EC776492-12FC-4A06-9B0B-884EF020C840}.AppStore|iPhoneSimulator.Build.0 = Release|Any CPU
		{EC776492-12FC-4A06-9B0B-884EF020C840}.AppStore|iPhoneSimulator.Deploy.0 = Release|Any CPU
		{EC776492-12FC-4A06-9B0B-884EF020C840}.Debug|Any CPU.ActiveCfg = Debug|Any CPU
		{EC776492-12FC-4A06-9B0B-884EF020C840}.Debug|Any CPU.Build.0 = Debug|Any CPU
		{EC776492-12FC-4A06-9B0B-884EF020C840}.Debug|Any CPU.Deploy.0 = Debug|Any CPU
		{EC776492-12FC-4A06-9B0B-884EF020C840}.Debug|iPhone.ActiveCfg = Debug|Any CPU
		{EC776492-12FC-4A06-9B0B-884EF020C840}.Debug|iPhone.Build.0 = Debug|Any CPU
		{EC776492-12FC-4A06-9B0B-884EF020C840}.Debug|iPhone.Deploy.0 = Debug|Any CPU
		{EC776492-12FC-4A06-9B0B-884EF020C840}.Debug|iPhoneSimulator.ActiveCfg = Debug|Any CPU
		{EC776492-12FC-4A06-9B0B-884EF020C840}.Debug|iPhoneSimulator.Build.0 = Debug|Any CPU
		{EC776492-12FC-4A06-9B0B-884EF020C840}.Debug|iPhoneSimulator.Deploy.0 = Debug|Any CPU
		{EC776492-12FC-4A06-9B0B-884EF020C840}.Release|Any CPU.ActiveCfg = Release|Any CPU
		{EC776492-12FC-4A06-9B0B-884EF020C840}.Release|Any CPU.Build.0 = Release|Any CPU
		{EC776492-12FC-4A06-9B0B-884EF020C840}.Release|Any CPU.Deploy.0 = Release|Any CPU
		{EC776492-12FC-4A06-9B0B-884EF020C840}.Release|iPhone.ActiveCfg = Release|Any CPU
		{EC776492-12FC-4A06-9B0B-884EF020C840}.Release|iPhone.Build.0 = Release|Any CPU
		{EC776492-12FC-4A06-9B0B-884EF020C840}.Release|iPhone.Deploy.0 = Release|Any CPU
		{EC776492-12FC-4A06-9B0B-884EF020C840}.Release|iPhoneSimulator.ActiveCfg = Release|Any CPU
		{EC776492-12FC-4A06-9B0B-884EF020C840}.Release|iPhoneSimulator.Build.0 = Release|Any CPU
		{EC776492-12FC-4A06-9B0B-884EF020C840}.Release|iPhoneSimulator.Deploy.0 = Release|Any CPU
		{F3676098-7D94-4CE6-A94F-E9C8345F35B7}.Ad-Hoc|Any CPU.ActiveCfg = Ad-Hoc|iPhone
		{F3676098-7D94-4CE6-A94F-E9C8345F35B7}.Ad-Hoc|Any CPU.Build.0 = Ad-Hoc|iPhone
		{F3676098-7D94-4CE6-A94F-E9C8345F35B7}.Ad-Hoc|Any CPU.Deploy.0 = Ad-Hoc|iPhone
		{F3676098-7D94-4CE6-A94F-E9C8345F35B7}.Ad-Hoc|iPhone.ActiveCfg = Ad-Hoc|iPhone
		{F3676098-7D94-4CE6-A94F-E9C8345F35B7}.Ad-Hoc|iPhone.Build.0 = Ad-Hoc|iPhone
		{F3676098-7D94-4CE6-A94F-E9C8345F35B7}.Ad-Hoc|iPhone.Deploy.0 = Ad-Hoc|iPhone
		{F3676098-7D94-4CE6-A94F-E9C8345F35B7}.Ad-Hoc|iPhoneSimulator.ActiveCfg = Ad-Hoc|iPhoneSimulator
		{F3676098-7D94-4CE6-A94F-E9C8345F35B7}.Ad-Hoc|iPhoneSimulator.Build.0 = Ad-Hoc|iPhoneSimulator
		{F3676098-7D94-4CE6-A94F-E9C8345F35B7}.Ad-Hoc|iPhoneSimulator.Deploy.0 = Ad-Hoc|iPhoneSimulator
		{F3676098-7D94-4CE6-A94F-E9C8345F35B7}.AppStore|Any CPU.ActiveCfg = AppStore|iPhone
		{F3676098-7D94-4CE6-A94F-E9C8345F35B7}.AppStore|Any CPU.Build.0 = AppStore|iPhone
		{F3676098-7D94-4CE6-A94F-E9C8345F35B7}.AppStore|Any CPU.Deploy.0 = AppStore|iPhone
		{F3676098-7D94-4CE6-A94F-E9C8345F35B7}.AppStore|iPhone.ActiveCfg = AppStore|iPhone
		{F3676098-7D94-4CE6-A94F-E9C8345F35B7}.AppStore|iPhone.Build.0 = AppStore|iPhone
		{F3676098-7D94-4CE6-A94F-E9C8345F35B7}.AppStore|iPhone.Deploy.0 = AppStore|iPhone
		{F3676098-7D94-4CE6-A94F-E9C8345F35B7}.AppStore|iPhoneSimulator.ActiveCfg = AppStore|iPhoneSimulator
		{F3676098-7D94-4CE6-A94F-E9C8345F35B7}.AppStore|iPhoneSimulator.Build.0 = AppStore|iPhoneSimulator
		{F3676098-7D94-4CE6-A94F-E9C8345F35B7}.AppStore|iPhoneSimulator.Deploy.0 = AppStore|iPhoneSimulator
		{F3676098-7D94-4CE6-A94F-E9C8345F35B7}.Debug|Any CPU.ActiveCfg = Debug|iPhoneSimulator
		{F3676098-7D94-4CE6-A94F-E9C8345F35B7}.Debug|Any CPU.Build.0 = Debug|iPhoneSimulator
		{F3676098-7D94-4CE6-A94F-E9C8345F35B7}.Debug|Any CPU.Deploy.0 = Debug|iPhoneSimulator
		{F3676098-7D94-4CE6-A94F-E9C8345F35B7}.Debug|iPhone.ActiveCfg = Debug|iPhone
		{F3676098-7D94-4CE6-A94F-E9C8345F35B7}.Debug|iPhone.Build.0 = Debug|iPhone
		{F3676098-7D94-4CE6-A94F-E9C8345F35B7}.Debug|iPhone.Deploy.0 = Debug|iPhone
		{F3676098-7D94-4CE6-A94F-E9C8345F35B7}.Debug|iPhoneSimulator.ActiveCfg = Debug|iPhoneSimulator
		{F3676098-7D94-4CE6-A94F-E9C8345F35B7}.Debug|iPhoneSimulator.Build.0 = Debug|iPhoneSimulator
		{F3676098-7D94-4CE6-A94F-E9C8345F35B7}.Debug|iPhoneSimulator.Deploy.0 = Debug|iPhoneSimulator
		{F3676098-7D94-4CE6-A94F-E9C8345F35B7}.Release|Any CPU.ActiveCfg = Release|iPhone
		{F3676098-7D94-4CE6-A94F-E9C8345F35B7}.Release|Any CPU.Build.0 = Release|iPhone
		{F3676098-7D94-4CE6-A94F-E9C8345F35B7}.Release|Any CPU.Deploy.0 = Release|iPhone
		{F3676098-7D94-4CE6-A94F-E9C8345F35B7}.Release|iPhone.ActiveCfg = Release|iPhone
		{F3676098-7D94-4CE6-A94F-E9C8345F35B7}.Release|iPhone.Build.0 = Release|iPhone
		{F3676098-7D94-4CE6-A94F-E9C8345F35B7}.Release|iPhone.Deploy.0 = Release|iPhone
		{F3676098-7D94-4CE6-A94F-E9C8345F35B7}.Release|iPhoneSimulator.ActiveCfg = Release|iPhoneSimulator
		{F3676098-7D94-4CE6-A94F-E9C8345F35B7}.Release|iPhoneSimulator.Build.0 = Release|iPhoneSimulator
		{F3676098-7D94-4CE6-A94F-E9C8345F35B7}.Release|iPhoneSimulator.Deploy.0 = Release|iPhoneSimulator
		{8432AC41-F1B1-43F7-A626-486A926AA0D5}.Ad-Hoc|Any CPU.ActiveCfg = Debug|Any CPU
		{8432AC41-F1B1-43F7-A626-486A926AA0D5}.Ad-Hoc|Any CPU.Build.0 = Debug|Any CPU
		{8432AC41-F1B1-43F7-A626-486A926AA0D5}.Ad-Hoc|Any CPU.Deploy.0 = Debug|Any CPU
		{8432AC41-F1B1-43F7-A626-486A926AA0D5}.Ad-Hoc|iPhone.ActiveCfg = Debug|Any CPU
		{8432AC41-F1B1-43F7-A626-486A926AA0D5}.Ad-Hoc|iPhone.Build.0 = Debug|Any CPU
		{8432AC41-F1B1-43F7-A626-486A926AA0D5}.Ad-Hoc|iPhone.Deploy.0 = Debug|Any CPU
		{8432AC41-F1B1-43F7-A626-486A926AA0D5}.Ad-Hoc|iPhoneSimulator.ActiveCfg = Debug|Any CPU
		{8432AC41-F1B1-43F7-A626-486A926AA0D5}.Ad-Hoc|iPhoneSimulator.Build.0 = Debug|Any CPU
		{8432AC41-F1B1-43F7-A626-486A926AA0D5}.Ad-Hoc|iPhoneSimulator.Deploy.0 = Debug|Any CPU
		{8432AC41-F1B1-43F7-A626-486A926AA0D5}.AppStore|Any CPU.ActiveCfg = Debug|Any CPU
		{8432AC41-F1B1-43F7-A626-486A926AA0D5}.AppStore|Any CPU.Build.0 = Debug|Any CPU
		{8432AC41-F1B1-43F7-A626-486A926AA0D5}.AppStore|Any CPU.Deploy.0 = Debug|Any CPU
		{8432AC41-F1B1-43F7-A626-486A926AA0D5}.AppStore|iPhone.ActiveCfg = Debug|Any CPU
		{8432AC41-F1B1-43F7-A626-486A926AA0D5}.AppStore|iPhone.Build.0 = Debug|Any CPU
		{8432AC41-F1B1-43F7-A626-486A926AA0D5}.AppStore|iPhone.Deploy.0 = Debug|Any CPU
		{8432AC41-F1B1-43F7-A626-486A926AA0D5}.AppStore|iPhoneSimulator.ActiveCfg = Debug|Any CPU
		{8432AC41-F1B1-43F7-A626-486A926AA0D5}.AppStore|iPhoneSimulator.Build.0 = Debug|Any CPU
		{8432AC41-F1B1-43F7-A626-486A926AA0D5}.AppStore|iPhoneSimulator.Deploy.0 = Debug|Any CPU
		{8432AC41-F1B1-43F7-A626-486A926AA0D5}.Debug|Any CPU.ActiveCfg = Debug|Any CPU
		{8432AC41-F1B1-43F7-A626-486A926AA0D5}.Debug|Any CPU.Build.0 = Debug|Any CPU
		{8432AC41-F1B1-43F7-A626-486A926AA0D5}.Debug|Any CPU.Deploy.0 = Debug|Any CPU
		{8432AC41-F1B1-43F7-A626-486A926AA0D5}.Debug|iPhone.ActiveCfg = Debug|Any CPU
		{8432AC41-F1B1-43F7-A626-486A926AA0D5}.Debug|iPhone.Build.0 = Debug|Any CPU
		{8432AC41-F1B1-43F7-A626-486A926AA0D5}.Debug|iPhone.Deploy.0 = Debug|Any CPU
		{8432AC41-F1B1-43F7-A626-486A926AA0D5}.Debug|iPhoneSimulator.ActiveCfg = Debug|Any CPU
		{8432AC41-F1B1-43F7-A626-486A926AA0D5}.Debug|iPhoneSimulator.Build.0 = Debug|Any CPU
		{8432AC41-F1B1-43F7-A626-486A926AA0D5}.Debug|iPhoneSimulator.Deploy.0 = Debug|Any CPU
		{8432AC41-F1B1-43F7-A626-486A926AA0D5}.Release|Any CPU.ActiveCfg = Release|Any CPU
		{8432AC41-F1B1-43F7-A626-486A926AA0D5}.Release|Any CPU.Build.0 = Release|Any CPU
		{8432AC41-F1B1-43F7-A626-486A926AA0D5}.Release|Any CPU.Deploy.0 = Release|Any CPU
		{8432AC41-F1B1-43F7-A626-486A926AA0D5}.Release|iPhone.ActiveCfg = Release|Any CPU
		{8432AC41-F1B1-43F7-A626-486A926AA0D5}.Release|iPhone.Build.0 = Release|Any CPU
		{8432AC41-F1B1-43F7-A626-486A926AA0D5}.Release|iPhone.Deploy.0 = Release|Any CPU
		{8432AC41-F1B1-43F7-A626-486A926AA0D5}.Release|iPhoneSimulator.ActiveCfg = Release|Any CPU
		{8432AC41-F1B1-43F7-A626-486A926AA0D5}.Release|iPhoneSimulator.Build.0 = Release|Any CPU
		{8432AC41-F1B1-43F7-A626-486A926AA0D5}.Release|iPhoneSimulator.Deploy.0 = Release|Any CPU
	EndGlobalSection
	GlobalSection(SolutionProperties) = preSolution
		HideSolutionNode = FALSE
	EndGlobalSection
	GlobalSection(ExtensibilityGlobals) = postSolution
		SolutionGuid = {F5D5E822-0ABC-4998-9D2F-428E840564A0}
	EndGlobalSection
EndGlobal
